
Microsoft Visual Studio Solution File, Format Version 12.00
# Visual Studio Version 17
VisualStudioVersion = 17.14.36301.6
MinimumVisualStudioVersion = 10.0.40219.1
Project("{FAE04EC0-301F-11D3-BF4B-00C04F79EFBC}") = "ReportApp", "Linkoo\ReportApp.csproj", "{45F882E2-3C82-49C9-A732-A6693F5F3D74}"
EndProject
Global
	GlobalSection(SolutionConfigurationPlatforms) = preSolution
		Debug|Any CPU = Debug|Any CPU
		Release|Any CPU = Release|Any CPU
	EndGlobalSection
	GlobalSection(ProjectConfigurationPlatforms) = postSolution
		{45F882E2-3C82-49C9-A732-A6693F5F3D74}.Debug|Any CPU.ActiveCfg = Debug|Any CPU
		{45F882E2-3C82-49C9-A732-A6693F5F3D74}.Debug|Any CPU.Build.0 = Debug|Any CPU
		{45F882E2-3C82-49C9-A732-A6693F5F3D74}.Release|Any CPU.ActiveCfg = Release|Any CPU
		{45F882E2-3C82-49C9-A732-A6693F5F3D74}.Release|Any CPU.Build.0 = Release|Any CPU
	EndGlobalSection
	GlobalSection(SolutionProperties) = preSolution
		HideSolutionNode = FALSE
	EndGlobalSection
	GlobalSection(ExtensibilityGlobals) = postSolution
		SolutionGuid = {FF989C55-334C-43ED-9379-C23977AF2A28}
	EndGlobalSection
EndGlobal
